
Microsoft Visual Studio Solution File, Format Version 12.00
# Visual Studio 15
VisualStudioVersion = 15.0.26124.0
MinimumVisualStudioVersion = 15.0.26124.0
Project("{2150E333-8FDC-42A3-9474-1A3956D46DE8}") = "src", "src", "{C8F16650-18BC-4C09-BB51-46FCC88FBA52}"
EndProject
Project("{FAE04EC0-301F-11D3-BF4B-00C04F79EFBC}") = "QRCodeTool", "src\QRCodeTool\QRCodeTool.csproj", "{759045EC-0E94-43D2-BF00-F4C8F2A393B2}"
EndProject
Project("{2150E333-8FDC-42A3-9474-1A3956D46DE8}") = "test", "test", "{355CE243-D8AF-4D2D-9485-1CE55E980218}"
EndProject
Project("{FAE04EC0-301F-11D3-BF4B-00C04F79EFBC}") = "QRCodeTool.Test", "test\QRCodeTool.Test\QRCodeTool.Test.csproj", "{00674B67-F5AD-40A2-9E9A-6A959C22DA56}"
EndProject
Global
	GlobalSection(SolutionConfigurationPlatforms) = preSolution
		Debug|Any CPU = Debug|Any CPU
		Debug|x64 = Debug|x64
		Debug|x86 = Debug|x86
		Release|Any CPU = Release|Any CPU
		Release|x64 = Release|x64
		Release|x86 = Release|x86
	EndGlobalSection
	GlobalSection(SolutionProperties) = preSolution
		HideSolutionNode = FALSE
	EndGlobalSection
	GlobalSection(ProjectConfigurationPlatforms) = postSolution
		{759045EC-0E94-43D2-BF00-F4C8F2A393B2}.Debug|Any CPU.ActiveCfg = Debug|Any CPU
		{759045EC-0E94-43D2-BF00-F4C8F2A393B2}.Debug|Any CPU.Build.0 = Debug|Any CPU
		{759045EC-0E94-43D2-BF00-F4C8F2A393B2}.Debug|x64.ActiveCfg = Debug|Any CPU
		{759045EC-0E94-43D2-BF00-F4C8F2A393B2}.Debug|x64.Build.0 = Debug|Any CPU
		{759045EC-0E94-43D2-BF00-F4C8F2A393B2}.Debug|x86.ActiveCfg = Debug|Any CPU
		{759045EC-0E94-43D2-BF00-F4C8F2A393B2}.Debug|x86.Build.0 = Debug|Any CPU
		{759045EC-0E94-43D2-BF00-F4C8F2A393B2}.Release|Any CPU.ActiveCfg = Release|Any CPU
		{759045EC-0E94-43D2-BF00-F4C8F2A393B2}.Release|Any CPU.Build.0 = Release|Any CPU
		{759045EC-0E94-43D2-BF00-F4C8F2A393B2}.Release|x64.ActiveCfg = Release|Any CPU
		{759045EC-0E94-43D2-BF00-F4C8F2A393B2}.Release|x64.Build.0 = Release|Any CPU
		{759045EC-0E94-43D2-BF00-F4C8F2A393B2}.Release|x86.ActiveCfg = Release|Any CPU
		{759045EC-0E94-43D2-BF00-F4C8F2A393B2}.Release|x86.Build.0 = Release|Any CPU
		{00674B67-F5AD-40A2-9E9A-6A959C22DA56}.Debug|Any CPU.ActiveCfg = Debug|Any CPU
		{00674B67-F5AD-40A2-9E9A-6A959C22DA56}.Debug|Any CPU.Build.0 = Debug|Any CPU
		{00674B67-F5AD-40A2-9E9A-6A959C22DA56}.Debug|x64.ActiveCfg = Debug|Any CPU
		{00674B67-F5AD-40A2-9E9A-6A959C22DA56}.Debug|x64.Build.0 = Debug|Any CPU
		{00674B67-F5AD-40A2-9E9A-6A959C22DA56}.Debug|x86.ActiveCfg = Debug|Any CPU
		{00674B67-F5AD-40A2-9E9A-6A959C22DA56}.Debug|x86.Build.0 = Debug|Any CPU
		{00674B67-F5AD-40A2-9E9A-6A959C22DA56}.Release|Any CPU.ActiveCfg = Release|Any CPU
		{00674B67-F5AD-40A2-9E9A-6A959C22DA56}.Release|Any CPU.Build.0 = Release|Any CPU
		{00674B67-F5AD-40A2-9E9A-6A959C22DA56}.Release|x64.ActiveCfg = Release|Any CPU
		{00674B67-F5AD-40A2-9E9A-6A959C22DA56}.Release|x64.Build.0 = Release|Any CPU
		{00674B67-F5AD-40A2-9E9A-6A959C22DA56}.Release|x86.ActiveCfg = Release|Any CPU
		{00674B67-F5AD-40A2-9E9A-6A959C22DA56}.Release|x86.Build.0 = Release|Any CPU
	EndGlobalSection
	GlobalSection(NestedProjects) = preSolution
		{759045EC-0E94-43D2-BF00-F4C8F2A393B2} = {C8F16650-18BC-4C09-BB51-46FCC88FBA52}
		{00674B67-F5AD-40A2-9E9A-6A959C22DA56} = {355CE243-D8AF-4D2D-9485-1CE55E980218}
	EndGlobalSection
EndGlobal
